<?xml version="1.0" encoding="utf-8"?>
<Project xmlns="http://schemas.microsoft.com/developer/msbuild/2003">
  <PropertyGroup>
    <ProjectGuid>{849d51f7-8935-471d-9247-48f6d9a8b445}</ProjectGuid>
    <Configuration Condition=" '$(Configuration)' == '' ">Debug</Configuration>
    <Platform Condition=" '$(Platform)' == '' ">AnyCPU</Platform>
    <DCC_DCCCompiler>DCC32</DCC_DCCCompiler>
    <DCC_DependencyCheckOutputName>Borgest.exe</DCC_DependencyCheckOutputName>
    <MainSource>Borgest.dpr</MainSource>
  </PropertyGroup>
  <PropertyGroup Condition=" '$(Configuration)|$(Platform)' == 'Release|AnyCPU' ">
    <Version>7.0</Version>
    <DCC_DebugInformation>False</DCC_DebugInformation>
    <DCC_LocalDebugSymbols>False</DCC_LocalDebugSymbols>
    <DCC_SymbolReferenceInfo>0</DCC_SymbolReferenceInfo>
    <DCC_Define>RELEASE</DCC_Define>
  </PropertyGroup>
  <PropertyGroup Condition=" '$(Configuration)|$(Platform)' == 'Debug|AnyCPU' ">
    <Version>7.0</Version>
    <DCC_Define>DEBUG;_CONSOLE_TESTRUNNER</DCC_Define>
  </PropertyGroup>
  <ProjectExtensions>
    <Borland.Personality>Delphi.Personality</Borland.Personality>
    <Borland.ProjectType />
    <BorlandProject>
<BorlandProject><Delphi.Personality><Parameters><Parameters Name="UseLauncher">False</Parameters><Parameters Name="LoadAllSymbols">True</Parameters><Parameters Name="LoadUnspecifiedSymbols">False</Parameters></Parameters><VersionInfo><VersionInfo Name="IncludeVerInfo">True</VersionInfo><VersionInfo Name="AutoIncBuild">False</VersionInfo><VersionInfo Name="MajorVer">1</VersionInfo><VersionInfo Name="MinorVer">0</VersionInfo><VersionInfo Name="Release">0</VersionInfo><VersionInfo Name="Build">0</VersionInfo><VersionInfo Name="Debug">False</VersionInfo><VersionInfo Name="PreRelease">False</VersionInfo><VersionInfo Name="Special">False</VersionInfo><VersionInfo Name="Private">False</VersionInfo><VersionInfo Name="DLL">False</VersionInfo><VersionInfo Name="Locale">11274</VersionInfo><VersionInfo Name="CodePage">1252</VersionInfo></VersionInfo><VersionInfoKeys><VersionInfoKeys Name="CompanyName">www.borgest.com.ar</VersionInfoKeys><VersionInfoKeys Name="FileDescription"></VersionInfoKeys><VersionInfoKeys Name="FileVersion">1.0.0.0</VersionInfoKeys><VersionInfoKeys Name="InternalName"></VersionInfoKeys><VersionInfoKeys Name="LegalCopyright"></VersionInfoKeys><VersionInfoKeys Name="LegalTrademarks"></VersionInfoKeys><VersionInfoKeys Name="OriginalFilename"></VersionInfoKeys><VersionInfoKeys Name="ProductName">Borgest</VersionInfoKeys><VersionInfoKeys Name="ProductVersion">1.0.0.0</VersionInfoKeys><VersionInfoKeys Name="Comments"></VersionInfoKeys></VersionInfoKeys><Source><Source Name="MainSource">Borgest.dpr</Source></Source></Delphi.Personality><ModelSupport>False</ModelSupport></BorlandProject></BorlandProject>
  </ProjectExtensions>
  <Import Project="$(MSBuildBinPath)\Borland.Delphi.Targets" />
  <ItemGroup>
    <DelphiCompile Include="Borgest.dpr">
      <MainSource>MainSource</MainSource>
    </DelphiCompile>
    <DCCReference Include="Formularios\Archivo\UnitActualizarProductos.pas">
      <Form>ActualizarProductos</Form>
    </DCCReference>
    <DCCReference Include="Formularios\Archivo\UnitBusquedaConceptosDebCred.pas">
      <Form>BusquedaConceptosDebCred</Form>
    </DCCReference>
    <DCCReference Include="Formularios\Archivo\Unitbusquedaproductos.pas">
      <Form>busquedaproductos</Form>
    </DCCReference>
    <DCCReference Include="Formularios\Archivo\Unitcalculoprecio.pas">
      <Form>calculoprecio</Form>
    </DCCReference>
    <DCCReference Include="Formularios\Archivo\Unitcalculoprecioproducto.pas">
      <Form>calculoprecioproductos</Form>
    </DCCReference>
    <DCCReference Include="Formularios\Archivo\UnitConceptoDebCred.pas">
      <Form>ConceptoDebCred</Form>
    </DCCReference>
    <DCCReference Include="Formularios\Archivo\UnitCurva.pas">
      <Form>Curva</Form>
    </DCCReference>
    <DCCReference Include="Formularios\Archivo\UnitEmpresa.pas">
      <Form>empresa</Form>
    </DCCReference>
    <DCCReference Include="Formularios\Archivo\UnitImprimirFichasClientes.pas">
      <Form>ImprimirFichasClientes</Form>
    </DCCReference>
    <DCCReference Include="Formularios\Archivo\UnitImprimirListaPrecios.pas">
      <Form>ImprimirListaPrecios</Form>
    </DCCReference>
    <DCCReference Include="Formularios\Archivo\UnitListaBancos.pas">
      <Form>ListaBancos</Form>
    </DCCReference>
    <DCCReference Include="Formularios\Archivo\UnitListaCalculosPrecios1.pas">
      <Form>ListaCalculosPrecios1</Form>
    </DCCReference>
    <DCCReference Include="Formularios\Archivo\UnitListaClientes1.pas">
      <Form>ListaClientes1</Form>
    </DCCReference>
    <DCCReference Include="Formularios\Archivo\Unitlistacurvas.pas">
      <Form>listacurvas</Form>
    </DCCReference>
    <DCCReference Include="Formularios\Archivo\Unitlistalocalidades.pas">
      <Form>ListaLocalidades</Form>
    </DCCReference>
    <DCCReference Include="Formularios\Archivo\UnitListaMarcas.pas">
      <Form>ListaMarcas</Form>
    </DCCReference>
    <DCCReference Include="Formularios\Archivo\UnitListaPerfiles.pas">
      <Form>ListaPerfiles</Form>
    </DCCReference>
    <DCCReference Include="Formularios\Archivo\UnitListaPoliticasdePrecios.pas">
      <Form>ListaPoliticasdePrecios</Form>
    </DCCReference>
    <DCCReference Include="Formularios\Archivo\UnitListaProductos1.pas">
      <Form>ListaProductos1</Form>
    </DCCReference>
    <DCCReference Include="Formularios\Archivo\UnitListaProveedores1.pas">
      <Form>ListaProveedores1</Form>
    </DCCReference>
    <DCCReference Include="Formularios\Archivo\UnitListaProvincias.pas">
      <Form>ListaProvincias</Form>
    </DCCReference>
    <DCCReference Include="Formularios\Archivo\UnitListaPuntosdeVenta.pas">
      <Form>listapuntosdeventa</Form>
    </DCCReference>
    <DCCReference Include="Formularios\Archivo\UnitListaSucursales.pas">
      <Form>listasucursales</Form>
    </DCCReference>
    <DCCReference Include="Formularios\Archivo\UnitListaTarjetasdeCredito.pas">
      <Form>ListaTarjetasdeCredito</Form>
    </DCCReference>
    <DCCReference Include="Formularios\Archivo\UnitListaTiposDocumentos.pas">
      <Form>listatiposdocumentos</Form>
    </DCCReference>
    <DCCReference Include="Formularios\Archivo\UnitMostrarExcel.pas">
      <Form>MostrarExcel</Form>
    </DCCReference>
    <DCCReference Include="Formularios\Archivo\UnitPersonal.pas">
      <Form>personal</Form>
    </DCCReference>
    <DCCReference Include="Formularios\Archivo\UnitPoliticasPrecios.pas">
      <Form>politicasprecios</Form>
    </DCCReference>
    <DCCReference Include="Formularios\Archivo\UnitProducto01.pas">
      <Form>producto01</Form>
    </DCCReference>
    <DCCReference Include="Formularios\Archivo\UnitProductos.pas">
      <Form>productos</Form>
    </DCCReference>
    <DCCReference Include="Formularios\Archivo\UnitProductosBasico.pas">
      <Form>ProductosBasico</Form>
    </DCCReference>
    <DCCReference Include="Formularios\Archivo\Unitprovincias.pas">
      <Form>provincias</Form>
    </DCCReference>
    <DCCReference Include="Formularios\Archivo\UnitServicios.pas">
      <Form>servicios</Form>
    </DCCReference>
    <DCCReference Include="Formularios\Archivo\UnitTarjetaCredito.pas">
      <Form>TarjetaCredito</Form>
    </DCCReference>
    <DCCReference Include="Formularios\Archivo\UnitTipoDocumento.pas">
      <Form>tipodocumento</Form>
    </DCCReference>
    <DCCReference Include="Formularios\Caja\UnitCajaApertura.pas">
      <Form>CajaApertura</Form>
    </DCCReference>
    <DCCReference Include="Formularios\Caja\UnitCajaAsiento.pas">
      <Form>CajaAsiento</Form>
    </DCCReference>
    <DCCReference Include="Formularios\Caja\UnitcajaAsientoEgreso.pas">
      <Form>CajaAsientoEgreso</Form>
    </DCCReference>
    <DCCReference Include="Formularios\Caja\UnitCajaAsientoIngreso.pas">
      <Form>CajaAsientoIngreso</Form>
    </DCCReference>
    <DCCReference Include="Formularios\Caja\UnitConsultaCheques.pas">
      <Form>ConsultaCheques</Form>
    </DCCReference>
    <DCCReference Include="Formularios\Caja\UnitEstadoCaja.pas">
      <Form>EstadoCaja</Form>
    </DCCReference>
    <DCCReference Include="Formularios\Comisiones\UnitComisionesBorradorPendientes.pas">
      <Form>ComisionesBorradorPendientes</Form>
    </DCCReference>
    <DCCReference Include="Formularios\Comisiones\UnitComisionesSucursales.pas">
      <Form>ComisionesSucursales</Form>
    </DCCReference>
    <DCCReference Include="Formularios\Comisiones\UnitComisionesVendedores.pas">
      <Form>ComisionesVendedores</Form>
    </DCCReference>
    <DCCReference Include="Formularios\Comisiones\UnitDetalleComisionesBorradores.pas">
      <Form>DetalleComisionesBorradores</Form>
    </DCCReference>
    <DCCReference Include="Formularios\Comisiones\UnitEstadoComisionesBorradores.pas">
      <Form>EstadoComisionesBorradores</Form>
    </DCCReference>
    <DCCReference Include="Formularios\Comisiones\UnitLiquidacionBorrador.pas">
      <Form>LiquidacionBorrador</Form>
    </DCCReference>
    <DCCReference Include="Formularios\Comisiones\UnitLiquidacionBorradorDebCred.pas">
      <Form>LiquidacionBorradorDebCred</Form>
    </DCCReference>
    <DCCReference Include="Formularios\Comisiones\Unitliquidaciones.pas">
      <Form>liquidaciones</Form>
    </DCCReference>
    <DCCReference Include="Formularios\Comisiones\Unitliquidacionessucu.pas">
      <Form>liquidacionessucu</Form>
    </DCCReference>
    <DCCReference Include="Formularios\Comisiones\UnitlistaComisionesSucursales.pas">
      <Form>listacomisionessucursales</Form>
    </DCCReference>
    <DCCReference Include="Formularios\Comisiones\Unitlistacomisionesvendedores.pas">
      <Form>listacomisionesvendedores</Form>
    </DCCReference>
    <DCCReference Include="Formularios\Comisiones\UnitListaLiquidacionesBorradores.pas">
      <Form>ListaLiquidacionesBorradores</Form>
    </DCCReference>
    <DCCReference Include="Formularios\Comisiones\UnitListaNotasPedidoComisiones.pas">
      <Form>ListaNotasPedidoComisiones</Form>
    </DCCReference>
    <DCCReference Include="Formularios\Comisiones\UnitNotaPedidoComisiones.pas">
      <Form>NotaPedidoComisiones</Form>
    </DCCReference>
    <DCCReference Include="Formularios\Comisiones\UnitSaldosComisionesBorradores.pas">
      <Form>SaldosComisionesBorradores</Form>
    </DCCReference>
    <DCCReference Include="Formularios\Comisiones\Unitsucursalesdebcred.pas">
      <Form>sucursalesdebcred</Form>
    </DCCReference>
    <DCCReference Include="Formularios\Comisiones\Unitvendedoresdebcred.pas">
      <Form>vendedoresdebcred</Form>
    </DCCReference>
    <DCCReference Include="Formularios\Compras\UnitAjusteStock.pas">
      <Form>AjusteStock</Form>
    </DCCReference>
    <DCCReference Include="Formularios\Compras\UnitAjusteStockDetalle.pas">
      <Form>AjusteStockDetalle</Form>
    </DCCReference>
    <DCCReference Include="Formularios\Compras\Unitcompradetalle.pas">
      <Form>compradetalle</Form>
    </DCCReference>
    <DCCReference Include="Formularios\Compras\UnitConsultaStock.pas">
      <Form>ConsultaStock</Form>
    </DCCReference>
    <DCCReference Include="Formularios\Compras\UnitConsultaStockCurvas.pas">
      <Form>ConsultaStockCurvas</Form>
    </DCCReference>
    <DCCReference Include="Formularios\Compras\Unitdetallectasproveedores.pas">
      <Form>detallectasproveedores</Form>
    </DCCReference>
    <DCCReference Include="Formularios\Compras\Unitdocumentocomprabase.pas">
      <Form>documentocomprabase</Form>
    </DCCReference>
    <DCCReference Include="Formularios\Compras\UnitDocumentosComprasPendientes.pas">
      <Form>DocumentosComprasPendientes</Form>
    </DCCReference>
    <DCCReference Include="Formularios\Compras\Unitestadodectasproveedores.pas">
      <Form>estadoctasproveedores</Form>
    </DCCReference>
    <DCCReference Include="Formularios\Compras\Unitfacturascompra.pas">
      <Form>facturacompra</Form>
    </DCCReference>
    <DCCReference Include="Formularios\Compras\UnitLibroIvaCompras.pas">
      <Form>LibroIvaCompras</Form>
    </DCCReference>
    <DCCReference Include="Formularios\Compras\UnitListaAjustesdeStock.pas">
      <Form>ListaAjustedeStock</Form>
    </DCCReference>
    <DCCReference Include="Formularios\Compras\Unitlistafacturascompra.pas">
      <Form>listafacturascompra</Form>
    </DCCReference>
    <DCCReference Include="Formularios\Compras\UnitListaFacturasdeCompras.pas">
      <Form>LIstaFacturasDeCompras</Form>
    </DCCReference>
    <DCCReference Include="Formularios\Compras\UnitListaMovimientosDepositos.pas">
      <Form>ListaMovimientosDepositos</Form>
    </DCCReference>
    <DCCReference Include="Formularios\Compras\UnitListaNotasDeCreditodeCompras.pas">
      <Form>LIstaNotasDeCreditoDeCompras</Form>
    </DCCReference>
    <DCCReference Include="Formularios\Compras\UnitListaNotasDeDebitodeCompras.pas">
      <Form>LIstaNotasDeDebitoDeCompras</Form>
    </DCCReference>
    <DCCReference Include="Formularios\Compras\UnitListaOrdenesdePago.pas">
      <Form>ListaOrdenesdePago</Form>
    </DCCReference>
    <DCCReference Include="Formularios\Compras\Unitlistaproveedores.pas">
      <Form>listaproveedores</Form>
    </DCCReference>
    <DCCReference Include="Formularios\Compras\UnitMovimientosDepositos.pas">
      <Form>MovimientosDepositos</Form>
    </DCCReference>
    <DCCReference Include="Formularios\Compras\UnitMovimientosDepositosConfirma.pas">
      <Form>MovimientosDepositosConfirma</Form>
    </DCCReference>
    <DCCReference Include="Formularios\Compras\UnitMovimientosdeStock.pas">
      <Form>MovimientosdeStock</Form>
    </DCCReference>
    <DCCReference Include="Formularios\Compras\UnitNotaCreditoCompra.pas">
      <Form>NotadeCreditoCompra</Form>
    </DCCReference>
    <DCCReference Include="Formularios\Compras\UnitNotaDebitoCompra.pas">
      <Form>NotadeDebitoCompra</Form>
    </DCCReference>
    <DCCReference Include="Formularios\Compras\UnitOrdendePago.pas">
      <Form>OrdendePago</Form>
    </DCCReference>
    <DCCReference Include="Formularios\Compras\UnitProductosenStock.pas">
      <Form>ProductosenStock</Form>
    </DCCReference>
    <DCCReference Include="Formularios\Compras\UnitProveedores.pas">
      <Form>proveedores</Form>
    </DCCReference>
    <DCCReference Include="Formularios\Compras\Unitsaldoproveedores.pas">
      <Form>saldoproveedores</Form>
    </DCCReference>
    <DCCReference Include="Formularios\Contabilidad\UnitEstadoIVAs.pas">
      <Form>EstadoIVAs</Form>
    </DCCReference>
    <DCCReference Include="Formularios\Herramientas\UnitActualizarSistema.pas">
      <Form>ABMbase1</Form>
    </DCCReference>
    <DCCReference Include="Formularios\Herramientas\UnitConfigListas.pas">
      <Form>ConfigListas</Form>
    </DCCReference>
    <DCCReference Include="Formularios\Herramientas\UnitConfiguracion.pas">
      <Form>configuracion</Form>
    </DCCReference>
    <DCCReference Include="Formularios\Herramientas\UnitExportarDB.pas">
      <Form>ExportarDB</Form>
    </DCCReference>
    <DCCReference Include="Formularios\Herramientas\UnitIdentificarUsuario.pas">
      <Form>IdentificarUsuario</Form>
    </DCCReference>
    <DCCReference Include="Formularios\Herramientas\UnitImportarDB.pas">
      <Form>ImportarDB</Form>
    </DCCReference>
    <DCCReference Include="Formularios\Herramientas\UnitImprimirEtiquetas.pas">
      <Form>ImprimirEtiquetas</Form>
    </DCCReference>
    <DCCReference Include="Formularios\Herramientas\UnitListaConfigListas.pas">
      <Form>ListaConfigListas</Form>
    </DCCReference>
    <DCCReference Include="Formularios\Herramientas\UnitMenuConfig.pas">
      <Form>MenuConfig</Form>
    </DCCReference>
    <DCCReference Include="Formularios\Herramientas\UnitPerfil.pas">
      <Form>Perfil</Form>
    </DCCReference>
    <DCCReference Include="Formularios\Herramientas\UnitSincronizarDB.pas">
      <Form>SincronizarDB</Form>
    </DCCReference>
    <DCCReference Include="Formularios\UnitABMbase.pas">
      <Form>ABMbase</Form>
    </DCCReference>
    <DCCReference Include="Formularios\UnitABMInibase.pas">
      <Form>ABMInibase</Form>
    </DCCReference>
    <DCCReference Include="Formularios\Unitbusquedabase.pas">
      <Form>busquedabase</Form>
    </DCCReference>
    <DCCReference Include="Formularios\Unitlistabase.pas">
      <Form>listabase</Form>
    </DCCReference>
    <DCCReference Include="Formularios\UnitLogin.pas">
      <Form>login</Form>
    </DCCReference>
    <DCCReference Include="Formularios\UnitPrinc.pas">
      <Form>Princ</Form>
    </DCCReference>
    <DCCReference Include="Formularios\UnitSplash.pas">
      <Form>splash</Form>
    </DCCReference>
    <DCCReference Include="Formularios\Ventas\UnitAplicarRecibosPendientes.pas">
      <Form>AplicarRecibosPendientes</Form>
    </DCCReference>
    <DCCReference Include="Formularios\Ventas\UnitBusquedaClientes.pas">
      <Form>busquedaclientes</Form>
    </DCCReference>
    <DCCReference Include="Formularios\Ventas\UnitCajaBar.pas">
      <Form>CajaBar</Form>
    </DCCReference>
    <DCCReference Include="Formularios\Ventas\UnitCargaDetallePagos.pas">
      <Form>CargaDetallePagos</Form>
    </DCCReference>
    <DCCReference Include="Formularios\Ventas\UnitCargarPagos.pas">
      <Form>CargarPagos</Form>
    </DCCReference>
    <DCCReference Include="Formularios\Ventas\UnitCargaStockCurva.pas">
      <Form>CargaStockCurvas</Form>
    </DCCReference>
    <DCCReference Include="Formularios\Ventas\UnitCargaStockLector.pas">
      <Form>CargaStockLector</Form>
    </DCCReference>
    <DCCReference Include="Formularios\Ventas\UnitClientes.pas">
      <Form>clientes</Form>
    </DCCReference>
    <DCCReference Include="Formularios\Ventas\UnitConsultaEquipos.pas">
      <Form>ConsultaEquipos</Form>
    </DCCReference>
    <DCCReference Include="Formularios\Ventas\UnitConsultarStockCurva.pas">
      <Form>ConsultarStockCurvas</Form>
    </DCCReference>
    <DCCReference Include="Formularios\Ventas\UnitCuponTarjetaCredito.pas">
      <Form>CuponTarjetaCredito</Form>
    </DCCReference>
    <DCCReference Include="Formularios\Ventas\Unitdetallectas.pas">
      <Form>detallectas</Form>
    </DCCReference>
    <DCCReference Include="Formularios\Ventas\UnitDetallePagos.pas">
      <Form>DetallePagos</Form>
    </DCCReference>
    <DCCReference Include="Formularios\Ventas\UnitDocumentosVentasPendientes.pas">
      <Form>DocumentosVentasPendientes</Form>
    </DCCReference>
    <DCCReference Include="Formularios\Ventas\Unitdocumentoventabase.pas">
      <Form>documentoventabase</Form>
    </DCCReference>
    <DCCReference Include="Formularios\Ventas\UnitDocumentoVentaExcel.pas">
      <Form>DocumentoVentaExcel</Form>
    </DCCReference>
    <DCCReference Include="Formularios\Ventas\Unitestadodectas.pas">
      <Form>estadoctas</Form>
    </DCCReference>
    <DCCReference Include="Formularios\Ventas\UnitFacturarDocumentos.pas">
      <Form>FacturarDocumentos</Form>
    </DCCReference>
    <DCCReference Include="Formularios\Ventas\Unitfacturasventa.pas">
      <Form>facturasventa</Form>
    </DCCReference>
    <DCCReference Include="Formularios\Ventas\UnitFacturaventa02.pas">
      <Form>facturaventa02</Form>
    </DCCReference>
    <DCCReference Include="Formularios\Ventas\Unitfacturaventarapida.pas">
      <Form>facturasventarapida</Form>
    </DCCReference>
    <DCCReference Include="Formularios\Ventas\UnitImpresoraFiscal.pas">
      <Form>impresorafiscal</Form>
    </DCCReference>
    <DCCReference Include="Formularios\Ventas\UnitImpresoraFiscalcola.pas">
      <Form>impresorafiscalcola</Form>
    </DCCReference>
    <DCCReference Include="Formularios\Ventas\Unitinformesventas.pas">
      <Form>InformesVentas</Form>
    </DCCReference>
    <DCCReference Include="Formularios\Ventas\UnitLibroIvaVentas.pas">
      <Form>LibroIvaVentas</Form>
    </DCCReference>
    <DCCReference Include="Formularios\Ventas\UnitListaCuponesTarjetasCredito.pas">
      <Form>ListaCuponesTarjetasCredito</Form>
    </DCCReference>
    <DCCReference Include="Formularios\Ventas\UnitListaDebCred.pas">
      <Form>listaconceptosdebcred</Form>
    </DCCReference>
    <DCCReference Include="Formularios\Ventas\UnitListaFacturasDeVenta.pas">
      <Form>ListaFacturasDeVenta</Form>
    </DCCReference>
    <DCCReference Include="Formularios\Ventas\Unitlistanotacreditoventa.pas">
      <Form>listanotacreditoventa</Form>
    </DCCReference>
    <DCCReference Include="Formularios\Ventas\UnitListaNotaDebitoVenta.pas">
      <Form>listanotadebitoventa</Form>
    </DCCReference>
    <DCCReference Include="Formularios\Ventas\UnitListaNotasCreditodeVentas.pas">
      <Form>ListaNotasCreditodeVentas</Form>
    </DCCReference>
    <DCCReference Include="Formularios\Ventas\UnitListaNotasPedido.pas">
      <Form>ListaNotasPedido</Form>
    </DCCReference>
    <DCCReference Include="Formularios\Ventas\UnitListaOrdenesServicios.pas">
      <Form>ListaOrdenesServicios</Form>
    </DCCReference>
    <DCCReference Include="Formularios\Ventas\UnitListaPresupuestos.pas">
      <Form>ListaPresupuestos</Form>
    </DCCReference>
    <DCCReference Include="Formularios\Ventas\UnitListaRecibosdeVenta.pas">
      <Form>ListaRecibosdeVenta</Form>
    </DCCReference>
    <DCCReference Include="Formularios\Ventas\UnitListaRemitoVenta.pas">
      <Form>listaremitosventa</Form>
    </DCCReference>
    <DCCReference Include="Formularios\Ventas\UnitListaServices.pas">
      <Form>Listaservices</Form>
    </DCCReference>
    <DCCReference Include="Formularios\Ventas\Unitnotacreditoventa.pas">
      <Form>notacreditoventa</Form>
    </DCCReference>
    <DCCReference Include="Formularios\Ventas\UnitNotaDebitoVenta.pas">
      <Form>NotaDebitoVenta</Form>
    </DCCReference>
    <DCCReference Include="Formularios\Ventas\UnitNotadeCredito2.pas">
      <Form>NotadeCredito2</Form>
    </DCCReference>
    <DCCReference Include="Formularios\Ventas\UnitNotadeDebito2.pas">
      <Form>NotadeDebito2</Form>
    </DCCReference>
    <DCCReference Include="Formularios\Ventas\UnitNotaPedido.pas">
      <Form>NotaPedido</Form>
    </DCCReference>
    <DCCReference Include="Formularios\Ventas\UnitNotaPedidoComisionesDetalle.pas">
      <Form>NotapedidoComisionesDetalle</Form>
    </DCCReference>
    <DCCReference Include="Formularios\Ventas\UnitNotaPedidoDetalle.pas">
      <Form>NotapedidoDetalle</Form>
    </DCCReference>
    <DCCReference Include="Formularios\Ventas\UnitObservaciones.pas">
      <Form>observaciones</Form>
    </DCCReference>
    <DCCReference Include="Formularios\Ventas\UnitOrdenServicio.pas">
      <Form>ordenservicio</Form>
    </DCCReference>
    <DCCReference Include="Formularios\Ventas\UnitPresupuesto.pas">
      <Form>presupuesto</Form>
    </DCCReference>
    <DCCReference Include="Formularios\Ventas\Unitrecibosventa.pas">
      <Form>recibosventa</Form>
    </DCCReference>
    <DCCReference Include="Formularios\Ventas\UnitRemitoVenta.pas">
      <Form>remitoventa</Form>
    </DCCReference>
    <DCCReference Include="Formularios\Ventas\Unitsaldoclientes.pas">
      <Form>saldoclientes</Form>
    </DCCReference>
    <DCCReference Include="Formularios\Ventas\Unitventadetalle.pas">
      <Form>ventadetalle</Form>
    </DCCReference>
    <DCCReference Include="Formularios\Ventas\Unitventadetalle2.pas">
      <Form>ventadetalle2</Form>
    </DCCReference>
    <DCCReference Include="Formularios\Ventas\UnitventadetalleConcepto.pas">
      <Form>ventadetalleconcepto</Form>
    </DCCReference>
  </ItemGroup>
</Project>