<?xml version="1.0" encoding="utf-8"?>
<Project xmlns="http://schemas.microsoft.com/developer/msbuild/2003">
  <PropertyGroup>
    <ProjectGuid>{849d51f7-8935-471d-9247-48f6d9a8b445}</ProjectGuid>
    <Configuration Condition=" '$(Configuration)' == '' ">Debug</Configuration>
    <Platform Condition=" '$(Platform)' == '' ">AnyCPU</Platform>
    <DCC_DCCCompiler>DCC32</DCC_DCCCompiler>
    <DCC_DependencyCheckOutputName>Acopio.exe</DCC_DependencyCheckOutputName>
    <MainSource>Acopio.dpr</MainSource>
  </PropertyGroup>
  <PropertyGroup Condition=" '$(Configuration)|$(Platform)' == 'Release|AnyCPU' ">
    <Version>7.0</Version>
    <DCC_DebugInformation>False</DCC_DebugInformation>
    <DCC_LocalDebugSymbols>False</DCC_LocalDebugSymbols>
    <DCC_SymbolReferenceInfo>0</DCC_SymbolReferenceInfo>
    <DCC_Define>RELEASE</DCC_Define>
  </PropertyGroup>
  <PropertyGroup Condition=" '$(Configuration)|$(Platform)' == 'Debug|AnyCPU' ">
    <Version>7.0</Version>
    <DCC_Define>DEBUG</DCC_Define>
  </PropertyGroup>
  <ProjectExtensions>
    <Borland.Personality>Delphi.Personality</Borland.Personality>
    <Borland.ProjectType />
    <BorlandProject>
<BorlandProject><Delphi.Personality><Parameters><Parameters Name="UseLauncher">False</Parameters><Parameters Name="LoadAllSymbols">True</Parameters><Parameters Name="LoadUnspecifiedSymbols">False</Parameters></Parameters><VersionInfo><VersionInfo Name="IncludeVerInfo">False</VersionInfo><VersionInfo Name="AutoIncBuild">False</VersionInfo><VersionInfo Name="MajorVer">1</VersionInfo><VersionInfo Name="MinorVer">0</VersionInfo><VersionInfo Name="Release">0</VersionInfo><VersionInfo Name="Build">0</VersionInfo><VersionInfo Name="Debug">False</VersionInfo><VersionInfo Name="PreRelease">False</VersionInfo><VersionInfo Name="Special">False</VersionInfo><VersionInfo Name="Private">False</VersionInfo><VersionInfo Name="DLL">False</VersionInfo><VersionInfo Name="Locale">11274</VersionInfo><VersionInfo Name="CodePage">1252</VersionInfo></VersionInfo><VersionInfoKeys><VersionInfoKeys Name="CompanyName"></VersionInfoKeys><VersionInfoKeys Name="FileDescription"></VersionInfoKeys><VersionInfoKeys Name="FileVersion">1.0.0.0</VersionInfoKeys><VersionInfoKeys Name="InternalName"></VersionInfoKeys><VersionInfoKeys Name="LegalCopyright"></VersionInfoKeys><VersionInfoKeys Name="LegalTrademarks"></VersionInfoKeys><VersionInfoKeys Name="OriginalFilename"></VersionInfoKeys><VersionInfoKeys Name="ProductName"></VersionInfoKeys><VersionInfoKeys Name="ProductVersion">1.0.0.0</VersionInfoKeys><VersionInfoKeys Name="Comments"></VersionInfoKeys></VersionInfoKeys><Source><Source Name="MainSource">Acopio.dpr</Source></Source></Delphi.Personality><ModelSupport>False</ModelSupport></BorlandProject></BorlandProject>
  </ProjectExtensions>
  <Import Project="$(MSBuildBinPath)\Borland.Delphi.Targets" />
  <ItemGroup>
    <DelphiCompile Include="Acopio.dpr">
      <MainSource>MainSource</MainSource>
    </DelphiCompile>
    <DCCReference Include="Formularios\Archivo\UnitArticulos.pas">
      <Form>Articulos</Form>
    </DCCReference>
    <DCCReference Include="Formularios\Archivo\Unitbusquedaproductos.pas">
      <Form>busquedaproductos</Form>
    </DCCReference>
    <DCCReference Include="Formularios\Archivo\UnitControlEntidad.pas">
      <Form>ControlEntidad</Form>
    </DCCReference>
    <DCCReference Include="Formularios\Archivo\UnitEmpresa.pas">
      <Form>empresa</Form>
    </DCCReference>
    <DCCReference Include="Formularios\Archivo\UnitEntidadContactos.pas">
      <Form>EntidadContactos</Form>
    </DCCReference>
    <DCCReference Include="Formularios\Archivo\UnitEntidades.pas">
      <Form>Entidades</Form>
    </DCCReference>
    <DCCReference Include="Formularios\Archivo\UnitlistaControlEntidad.pas">
      <Form>listaControlEntidad</Form>
    </DCCReference>
    <DCCReference Include="Formularios\Archivo\UnitlistaEntidades.pas">
      <Form>listaEntidades</Form>
    </DCCReference>
    <DCCReference Include="Formularios\Archivo\Unitlistaespeciesvariedades.pas">
      <Form>listaespeciesvariedades</Form>
    </DCCReference>
    <DCCReference Include="Formularios\Archivo\UnitListaPerfiles.pas">
      <Form>ListaPerfiles</Form>
    </DCCReference>
    <DCCReference Include="Formularios\Archivo\UnitListaPuntosdeVenta.pas">
      <Form>listapuntosdeventa</Form>
    </DCCReference>
    <DCCReference Include="Formularios\Archivo\UnitlistaRoles.pas">
      <Form>listaRoles</Form>
    </DCCReference>
    <DCCReference Include="Formularios\Archivo\UnitlistaRubros.pas">
      <Form>listaRubros</Form>
    </DCCReference>
    <DCCReference Include="Formularios\Archivo\UnitListaSucursales.pas">
      <Form>listasucursales</Form>
    </DCCReference>
    <DCCReference Include="Formularios\Archivo\UnitListaTiposDocumentos.pas">
      <Form>listatiposdocumentos</Form>
    </DCCReference>
    <DCCReference Include="Formularios\Archivo\Unitlocalidades.pas">
      <Form>localidades</Form>
    </DCCReference>
    <DCCReference Include="Formularios\Archivo\UnitPersonal.pas">
      <Form>personal</Form>
    </DCCReference>
    <DCCReference Include="Formularios\Archivo\UnitProductos.pas">
      <Form>productos</Form>
    </DCCReference>
    <DCCReference Include="Formularios\Archivo\UnitRoles.pas">
      <Form>Roles</Form>
    </DCCReference>
    <DCCReference Include="Formularios\Archivo\UnitRubros.pas">
      <Form>Rubros</Form>
    </DCCReference>
    <DCCReference Include="Formularios\Archivo\UnitTipoDocumento.pas">
      <Form>tipodocumento</Form>
    </DCCReference>
    <DCCReference Include="Formularios\Herramientas\UnitConfiguracion.pas">
      <Form>configuracion</Form>
    </DCCReference>
    <DCCReference Include="Formularios\Herramientas\UnitMenuConfig.pas">
      <Form>MenuConfig</Form>
    </DCCReference>
    <DCCReference Include="Formularios\Herramientas\UnitPerfil.pas">
      <Form>Perfil</Form>
    </DCCReference>
    <DCCReference Include="Formularios\UnitABMbase.pas">
      <Form>ABMbase</Form>
    </DCCReference>
    <DCCReference Include="Formularios\UnitABMInibase.pas">
      <Form>ABMInibase</Form>
    </DCCReference>
    <DCCReference Include="Formularios\Unitbusquedabase.pas">
      <Form>busquedabase</Form>
    </DCCReference>
    <DCCReference Include="Formularios\UnitCargarPagos.pas">
      <Form>CargarPagos</Form>
    </DCCReference>
    <DCCReference Include="Formularios\UnitDocumentosDineroPendientes.pas">
      <Form>DocumentosDineroPendientes</Form>
    </DCCReference>
    <DCCReference Include="Formularios\UnitFacturaCompra.pas">
      <Form>FacturaCompra</Form>
    </DCCReference>
    <DCCReference Include="Formularios\UnitFacturaVenta.pas">
      <Form>FacturaVenta</Form>
    </DCCReference>
    <DCCReference Include="Formularios\Unitlistabase.pas">
      <Form>listabase</Form>
    </DCCReference>
    <DCCReference Include="Formularios\UnitlistaFacturasCompras.pas">
      <Form>ListaFacturasCompra</Form>
    </DCCReference>
    <DCCReference Include="Formularios\UnitlistaFacturasVentas.pas">
      <Form>ListaFacturasVenta</Form>
    </DCCReference>
    <DCCReference Include="Formularios\UnitlistaNotasCreditoCompras.pas">
      <Form>ListaNotasCreditoCompra</Form>
    </DCCReference>
    <DCCReference Include="Formularios\UnitlistaNotasCreditoVentas.pas">
      <Form>ListaNotasCreditoVenta</Form>
    </DCCReference>
    <DCCReference Include="Formularios\UnitlistaNotasDebitoCompras.pas">
      <Form>ListaNotasDebitoCompra</Form>
    </DCCReference>
    <DCCReference Include="Formularios\UnitlistaNotasDebitoVentas.pas">
      <Form>ListaNotasDebitoVenta</Form>
    </DCCReference>
    <DCCReference Include="Formularios\Unitlistarecibos.pas">
      <Form>ListaRecibos</Form>
    </DCCReference>
    <DCCReference Include="Formularios\Unitlistatemplates.pas">
      <Form>listatemplates</Form>
    </DCCReference>
    <DCCReference Include="Formularios\UnitNotaCreditoCompra.pas">
      <Form>NotaCreditoCompra</Form>
    </DCCReference>
    <DCCReference Include="Formularios\UnitNotaCreditoVenta.pas">
      <Form>NotaCreditoVenta</Form>
    </DCCReference>
    <DCCReference Include="Formularios\UnitNotaDebitoCompra.pas">
      <Form>NotaDebitoCompra</Form>
    </DCCReference>
    <DCCReference Include="Formularios\UnitNotaDebitoVenta.pas">
      <Form>NotaDebitoVenta</Form>
    </DCCReference>
    <DCCReference Include="Formularios\UnitPrinc.pas">
      <Form>Princ</Form>
    </DCCReference>
    <DCCReference Include="Formularios\UnitRecibo.pas">
      <Form>Recibo</Form>
    </DCCReference>
    <DCCReference Include="Formularios\Ventas\UnitContrato.pas">
      <Form>contrato</Form>
    </DCCReference>
    <DCCReference Include="Formularios\Ventas\UnitContratoVenta.pas">
      <Form>contratoventa</Form>
    </DCCReference>
    <DCCReference Include="Formularios\Ventas\Unitdetallectas.pas">
      <Form>detallectas</Form>
    </DCCReference>
    <DCCReference Include="Formularios\Ventas\UnitDocumentoBase.pas">
      <Form>DocumentoBase</Form>
    </DCCReference>
    <DCCReference Include="Formularios\Ventas\UnitDocumentosPendientes.pas">
      <Form>DocumentosPendientes</Form>
    </DCCReference>
    <DCCReference Include="Formularios\Ventas\UnitDocumentosVentasPendientes.pas">
      <Form>DocumentosVentasPendientes</Form>
    </DCCReference>
    <DCCReference Include="Formularios\Ventas\Unitdocumentoventabase.pas">
      <Form>documentoventabase</Form>
    </DCCReference>
    <DCCReference Include="Formularios\Ventas\Unitestadodectas.pas">
      <Form>estadoctas</Form>
    </DCCReference>
    <DCCReference Include="Formularios\Ventas\UnitFacturarDocumentos.pas">
      <Form>FacturarDocumentos</Form>
    </DCCReference>
    <DCCReference Include="Formularios\Ventas\UnitListaContratos.pas">
      <Form>listacontratos</Form>
    </DCCReference>
    <DCCReference Include="Formularios\Ventas\UnitListaContratosVentas.pas">
      <Form>listacontratosventa</Form>
    </DCCReference>
    <DCCReference Include="Formularios\Ventas\UnitListaDocumentos.pas">
      <Form>listadocumentos</Form>
    </DCCReference>
    <DCCReference Include="Formularios\Ventas\UnitListaOrdendeCarga.pas">
      <Form>listaordendecarga</Form>
    </DCCReference>
    <DCCReference Include="Formularios\Ventas\UnitOrdenDeCarga.pas">
      <Form>OrdendeCarga</Form>
    </DCCReference>
    <DCCReference Include="Formularios\Ventas\Unitrecibosventa.pas">
      <Form>recibosventa</Form>
    </DCCReference>
    <DCCReference Include="Formularios\Ventas\Unitsaldoclientes.pas">
      <Form>saldoclientes</Form>
    </DCCReference>
    <DCCReference Include="Formularios\Ventas\Unitventadetalle2.pas">
      <Form>ventadetalle2</Form>
    </DCCReference>
  </ItemGroup>
</Project>